<?xml version="1.0" encoding="utf-8"?>
<Project ToolsVersion="4.0" xmlns="http://schemas.microsoft.com/developer/msbuild/2003">
  <ItemGroup>
    <Filter Include="Source Files">
      <UniqueIdentifier>{4FC737F1-C7A5-4376-A066-2A32D752A2FF}</UniqueIdentifier>
      <Extensions>cpp;c;cc;cxx;def;odl;idl;hpj;bat;asm;asmx</Extensions>
    </Filter>
    <Filter Include="Header Files">
      <UniqueIdentifier>{93995380-89BD-4b04-88EB-625FBE52EBFB}</UniqueIdentifier>
      <Extensions>h;hpp;hxx;hm;inl;inc;xsd</Extensions>
    </Filter>
    <Filter Include="Resource Files">
      <UniqueIdentifier>{67DA6AB6-F800-4c08-8B7A-83BB121AAD01}</UniqueIdentifier>
      <Extensions>rc;ico;cur;bmp;dlg;rc2;rct;bin;rgs;gif;jpg;jpeg;jpe;resx;tiff;tif;png;wav</Extensions>
    </Filter>
  </ItemGroup>
  <ItemGroup>
    <ClCompile Include="src\defaulttestprinter.cpp">
      <Filter>Source Files</Filter>
    </ClCompile>
    <ClCompile Include="src\SimpleXMLWriter.cpp">
      <Filter>Source Files</Filter>
    </ClCompile>
    <ClCompile Include="src\Stdafx.cpp">
      <Filter>Source Files</Filter>
    </ClCompile>
    <ClCompile Include="src\stringconvert.cpp">
      <Filter>Source Files</Filter>
    </ClCompile>
    <ClCompile Include="src\test.cpp">
      <Filter>Source Files</Filter>
    </ClCompile>
    <ClCompile Include="src\testcase.cpp">
      <Filter>Source Files</Filter>
    </ClCompile>
    <ClCompile Include="src\testpartresult.cpp">
      <Filter>Source Files</Filter>
    </ClCompile>
    <ClCompile Include="src\testregistry.cpp">
      <Filter>Source Files</Filter>
    </ClCompile>
    <ClCompile Include="src\testresult.cpp">
      <Filter>Source Files</Filter>
    </ClCompile>
    <ClCompile Include="src\testrunner.cpp">
      <Filter>Source Files</Filter>
    </ClCompile>
    <ClCompile Include="src\XmlReportPrinter.cpp">
      <Filter>Source Files</Filter>
    </ClCompile>
  </ItemGroup>
  <ItemGroup>
    <ClInclude Include="include\defaulttestprinter.h">
      <Filter>Header Files</Filter>
    </ClInclude>
    <ClInclude Include="include\SimpleXMLWriter.h">
      <Filter>Header Files</Filter>
    </ClInclude>
    <ClInclude Include="include\Stdafx.h">
      <Filter>Header Files</Filter>
    </ClInclude>
    <ClInclude Include="include\stringconvert.h">
      <Filter>Header Files</Filter>
    </ClInclude>
    <ClInclude Include="include\TargetVersion.h">
      <Filter>Header Files</Filter>
    </ClInclude>
    <ClInclude Include="include\test.h">
      <Filter>Header Files</Filter>
    </ClInclude>
    <ClInclude Include="include\testcase.h">
      <Filter>Header Files</Filter>
    </ClInclude>
    <ClInclude Include="include\testharness.h">
      <Filter>Header Files</Filter>
    </ClInclude>
    <ClInclude Include="include\testpartresult.h">
      <Filter>Header Files</Filter>
    </ClInclude>
    <ClInclude Include="include\testprinter.h">
      <Filter>Header Files</Filter>
    </ClInclude>
    <ClInclude Include="include\testregistry.h">
      <Filter>Header Files</Filter>
    </ClInclude>
    <ClInclude Include="include\testresult.h">
      <Filter>Header Files</Filter>
    </ClInclude>
    <ClInclude Include="include\testrunner.h">
      <Filter>Header Files</Filter>
    </ClInclude>
    <ClInclude Include="include\XmlReportPrinter.h">
      <Filter>Header Files</Filter>
    </ClInclude>
  </ItemGroup>
  <ItemGroup>
    <None Include="ReadMe.txt" />
  </ItemGroup>
</Project>